
Microsoft Visual Studio Solution File, Format Version 12.00
# Visual Studio Version 16
VisualStudioVersion = 16.0.33927.289
MinimumVisualStudioVersion = 10.0.40219.1
Project("{2150E333-8FDC-42A3-9474-1A3956D46DE8}") = "Task0", "Task0", "{D468768C-DC54-450F-9F0A-E50CF69A71FD}"
EndProject
Project("{FAE04EC0-301F-11D3-BF4B-00C04F79EFBC}") = "Tyuiu.KozhevnikovDG.Sprint2.Task0.V4", "Tyuiu.KozhevnikovDG.Sprint2.Task0.V4\Tyuiu.KozhevnikovDG.Sprint2.Task0.V4.csproj", "{AD90DB9D-D38C-4A57-8EBB-7F512381F256}"
EndProject
Project("{FAE04EC0-301F-11D3-BF4B-00C04F79EFBC}") = "Tyuiu.KozhevnikovDG.Sprint2.Task0.V4.Lib", "Tyuiu.KozhevnikovDG.Sprint2.Task0.V4.Lib\Tyuiu.KozhevnikovDG.Sprint2.Task0.V4.Lib.csproj", "{0AFD7CA3-3235-432B-BB26-6F1A15B70088}"
EndProject
Project("{FAE04EC0-301F-11D3-BF4B-00C04F79EFBC}") = "Tyuiu.KozhevnikovDG.Sprint2.Task0.V4.Test", "Tyuiu.KozhevnikovDG.Sprint2.Task0.V4.Test\Tyuiu.KozhevnikovDG.Sprint2.Task0.V4.Test.csproj", "{B298B333-D2A0-4B03-A132-707241DBEDA0}"
EndProject
Project("{2150E333-8FDC-42A3-9474-1A3956D46DE8}") = "Task1", "Task1", "{B44483AA-F5FD-4FA5-83B1-A72E20992AA7}"
EndProject
Project("{FAE04EC0-301F-11D3-BF4B-00C04F79EFBC}") = "Tyuiu.KozhevnikovDG.Sprint2.Task1.V20", "Tyuiu.KozhevnikovDG.Sprint2.Task1.V20\Tyuiu.KozhevnikovDG.Sprint2.Task1.V20.csproj", "{396274AD-FAF9-4E80-9F86-3DC271F13487}"
EndProject
Project("{FAE04EC0-301F-11D3-BF4B-00C04F79EFBC}") = "Tyuiu.KozhevnikovDG.Sprint2.Task1.V20.Lib", "Tyuiu.KozhevnikovDG.Sprint2.Task1.V20.Lib\Tyuiu.KozhevnikovDG.Sprint2.Task1.V20.Lib.csproj", "{87479426-F319-4364-B677-AA230038351B}"
EndProject
Project("{FAE04EC0-301F-11D3-BF4B-00C04F79EFBC}") = "Tyuiu.KozhevnikovDG.Sprint2.Task1.V20.Test", "Tyuiu.KozhevnikovDG.Sprint2.Task1.V20.Test\Tyuiu.KozhevnikovDG.Sprint2.Task1.V20.Test.csproj", "{E0404B8D-4B96-4305-A486-8247080B79BC}"
EndProject
Project("{2150E333-8FDC-42A3-9474-1A3956D46DE8}") = "Task2", "Task2", "{D3CED511-4FE0-4028-B6CF-94471EA660A4}"
EndProject
Project("{FAE04EC0-301F-11D3-BF4B-00C04F79EFBC}") = "Tyuiu.KozhevnikovDG.Sprint2.Task2.V6", "Tyuiu.KozhevnikovDG.Sprint2.Task2.V6\Tyuiu.KozhevnikovDG.Sprint2.Task2.V6.csproj", "{DA7C7D71-C465-4C4C-9182-00876ED220FD}"
EndProject
Project("{FAE04EC0-301F-11D3-BF4B-00C04F79EFBC}") = "Tyuiu.KozhevnikovDG.Sprint2.Task2.V6.Lib", "Tyuiu.KozhevnikovDG.Sprint2.Task2.V6.Lib\Tyuiu.KozhevnikovDG.Sprint2.Task2.V6.Lib.csproj", "{E926D757-432B-4A89-8356-95BEA9201A3F}"
EndProject
Project("{FAE04EC0-301F-11D3-BF4B-00C04F79EFBC}") = "Tyuiu.KozhevnikovDG.Sprint2.Task2.V6.Test", "Tyuiu.KozhevnikovDG.Sprint2.Task2.V6.Test\Tyuiu.KozhevnikovDG.Sprint2.Task2.V6.Test.csproj", "{4F19EB61-1A96-4CCC-94E3-1CA9B60D85DA}"
EndProject
Project("{2150E333-8FDC-42A3-9474-1A3956D46DE8}") = "Task3", "Task3", "{9594B1F8-5960-4F06-99E5-B2E8C99CDE9F}"
EndProject
Project("{FAE04EC0-301F-11D3-BF4B-00C04F79EFBC}") = "Tyuiu.KozhevnikovDG.Sprint2.Task3.V25", "Tyuiu.KozhevnikovDG.Sprint2.Task3.V25\Tyuiu.KozhevnikovDG.Sprint2.Task3.V25.csproj", "{7931690D-A110-4F4D-8E65-CA98225DF4A9}"
EndProject
Project("{FAE04EC0-301F-11D3-BF4B-00C04F79EFBC}") = "Tyuiu.KozhevnikovDG.Sprint2.Task3.V25.Lib", "Tyuiu.KozhevnikovDG.Sprint2.Task3.V25.Lib\Tyuiu.KozhevnikovDG.Sprint2.Task3.V25.Lib.csproj", "{3538C82B-9CA5-4AB9-8042-508FB3FBCD29}"
EndProject
Project("{FAE04EC0-301F-11D3-BF4B-00C04F79EFBC}") = "Tyuiu.KozhevnikovDG.Sprint2.Task3.V25.Test", "Tyuiu.KozhevnikovDG.Sprint2.Task3.V25.Test\Tyuiu.KozhevnikovDG.Sprint2.Task3.V25.Test.csproj", "{914D9CA0-E7ED-43EA-AA67-F8FFDC1626FD}"
EndProject
Project("{2150E333-8FDC-42A3-9474-1A3956D46DE8}") = "Task4", "Task4", "{C0E73342-B3E9-4682-80B9-A4927CE25D42}"
EndProject
Project("{FAE04EC0-301F-11D3-BF4B-00C04F79EFBC}") = "Tyuiu.KozhevnikovDG.Sprint2.Task4.V14", "Tyuiu.KozhevnikovDG.Sprint2.Task4.V14\Tyuiu.KozhevnikovDG.Sprint2.Task4.V14.csproj", "{D23F136D-8B0F-464F-891C-D561DBC41DD4}"
EndProject
Project("{FAE04EC0-301F-11D3-BF4B-00C04F79EFBC}") = "Tyuiu.KozhevnikovDG.Sprint2.Task4.V14.Lib", "Tyuiu.KozhevnikovDG.Sprint2.Task4.V14.Lib\Tyuiu.KozhevnikovDG.Sprint2.Task4.V14.Lib.csproj", "{6A807D31-A32E-44FB-A789-6C3AABF5856E}"
EndProject
Project("{FAE04EC0-301F-11D3-BF4B-00C04F79EFBC}") = "Tyuiu.KozhevnikovDG.Sprint2.Task4.V14.Test", "Tyuiu.KozhevnikovDG.Sprint2.Task4.V14.Test\Tyuiu.KozhevnikovDG.Sprint2.Task4.V14.Test.csproj", "{96B6DDC2-10B6-4518-9998-2058C2B2C0FC}"
EndProject
Project("{2150E333-8FDC-42A3-9474-1A3956D46DE8}") = "Task5", "Task5", "{1251B2A1-997E-4435-843A-1C36A6D76BBA}"
EndProject
Project("{FAE04EC0-301F-11D3-BF4B-00C04F79EFBC}") = "Tyuiu.KozhevnikovDG.Sprint2.Task5.V10", "Tyuiu.KozhevnikovDG.Sprint2.Task5.V10\Tyuiu.KozhevnikovDG.Sprint2.Task5.V10.csproj", "{3464EA8B-BD19-42CC-8162-1DBA67DD0A24}"
EndProject
Project("{FAE04EC0-301F-11D3-BF4B-00C04F79EFBC}") = "Tyuiu.KozhevnikovDG.Sprint2.Task5.V10.Lib", "Tyuiu.KozhevnikovDG.Sprint2.Task5.V10.Lib\Tyuiu.KozhevnikovDG.Sprint2.Task5.V10.Lib.csproj", "{85F17EAD-5600-4908-9A87-335A9EBCA7B4}"
EndProject
Project("{FAE04EC0-301F-11D3-BF4B-00C04F79EFBC}") = "Tyuiu.KozhevnikovDG.Sprint2.Task5.V10.Test", "Tyuiu.KozhevnikovDG.Sprint2.Task5.V10.Test\Tyuiu.KozhevnikovDG.Sprint2.Task5.V10.Test.csproj", "{92BFC830-F2F7-447F-9EB5-6CAFD283AEE8}"
EndProject
Project("{2150E333-8FDC-42A3-9474-1A3956D46DE8}") = "Task6", "Task6", "{D76CCEAC-7DD0-49DF-A1CF-0E41B3A8253C}"
EndProject
Project("{FAE04EC0-301F-11D3-BF4B-00C04F79EFBC}") = "Tyuiu.KozhevnikovDG.Sprint2.Task6.V15", "Tyuiu.KozhevnikovDG.Sprint2.Task6.V15\Tyuiu.KozhevnikovDG.Sprint2.Task6.V15.csproj", "{984A2E0B-C62E-45AB-9860-9C9D54D75375}"
EndProject
Project("{FAE04EC0-301F-11D3-BF4B-00C04F79EFBC}") = "Tyuiu.KozhevnikovDG.Sprint2.Task6.V15.Lib", "Tyuiu.KozhevnikovDG.Sprint2.Task6.V15.Lib\Tyuiu.KozhevnikovDG.Sprint2.Task6.V15.Lib.csproj", "{15328D08-EB9D-4126-9FFF-961C06FDF1D0}"
EndProject
Project("{FAE04EC0-301F-11D3-BF4B-00C04F79EFBC}") = "Tyuiu.KozhevnikovDG.Sprint2.Task6.V15.Test", "Tyuiu.KozhevnikovDG.Sprint2.Task6.V15.Test\Tyuiu.KozhevnikovDG.Sprint2.Task6.V15.Test.csproj", "{EF6F6E52-E18B-4FA6-BE9A-C6341BB92D9D}"
EndProject
Global
	GlobalSection(SolutionConfigurationPlatforms) = preSolution
		Debug|Any CPU = Debug|Any CPU
		Release|Any CPU = Release|Any CPU
	EndGlobalSection
	GlobalSection(ProjectConfigurationPlatforms) = postSolution
		{AD90DB9D-D38C-4A57-8EBB-7F512381F256}.Debug|Any CPU.ActiveCfg = Debug|Any CPU
		{AD90DB9D-D38C-4A57-8EBB-7F512381F256}.Debug|Any CPU.Build.0 = Debug|Any CPU
		{AD90DB9D-D38C-4A57-8EBB-7F512381F256}.Release|Any CPU.ActiveCfg = Release|Any CPU
		{AD90DB9D-D38C-4A57-8EBB-7F512381F256}.Release|Any CPU.Build.0 = Release|Any CPU
		{0AFD7CA3-3235-432B-BB26-6F1A15B70088}.Debug|Any CPU.ActiveCfg = Debug|Any CPU
		{0AFD7CA3-3235-432B-BB26-6F1A15B70088}.Debug|Any CPU.Build.0 = Debug|Any CPU
		{0AFD7CA3-3235-432B-BB26-6F1A15B70088}.Release|Any CPU.ActiveCfg = Release|Any CPU
		{0AFD7CA3-3235-432B-BB26-6F1A15B70088}.Release|Any CPU.Build.0 = Release|Any CPU
		{B298B333-D2A0-4B03-A132-707241DBEDA0}.Debug|Any CPU.ActiveCfg = Debug|Any CPU
		{B298B333-D2A0-4B03-A132-707241DBEDA0}.Debug|Any CPU.Build.0 = Debug|Any CPU
		{B298B333-D2A0-4B03-A132-707241DBEDA0}.Release|Any CPU.ActiveCfg = Release|Any CPU
		{B298B333-D2A0-4B03-A132-707241DBEDA0}.Release|Any CPU.Build.0 = Release|Any CPU
		{396274AD-FAF9-4E80-9F86-3DC271F13487}.Debug|Any CPU.ActiveCfg = Debug|Any CPU
		{396274AD-FAF9-4E80-9F86-3DC271F13487}.Debug|Any CPU.Build.0 = Debug|Any CPU
		{396274AD-FAF9-4E80-9F86-3DC271F13487}.Release|Any CPU.ActiveCfg = Release|Any CPU
		{396274AD-FAF9-4E80-9F86-3DC271F13487}.Release|Any CPU.Build.0 = Release|Any CPU
		{87479426-F319-4364-B677-AA230038351B}.Debug|Any CPU.ActiveCfg = Debug|Any CPU
		{87479426-F319-4364-B677-AA230038351B}.Debug|Any CPU.Build.0 = Debug|Any CPU
		{87479426-F319-4364-B677-AA230038351B}.Release|Any CPU.ActiveCfg = Release|Any CPU
		{87479426-F319-4364-B677-AA230038351B}.Release|Any CPU.Build.0 = Release|Any CPU
		{E0404B8D-4B96-4305-A486-8247080B79BC}.Debug|Any CPU.ActiveCfg = Debug|Any CPU
		{E0404B8D-4B96-4305-A486-8247080B79BC}.Debug|Any CPU.Build.0 = Debug|Any CPU
		{E0404B8D-4B96-4305-A486-8247080B79BC}.Release|Any CPU.ActiveCfg = Release|Any CPU
		{E0404B8D-4B96-4305-A486-8247080B79BC}.Release|Any CPU.Build.0 = Release|Any CPU
		{DA7C7D71-C465-4C4C-9182-00876ED220FD}.Debug|Any CPU.ActiveCfg = Debug|Any CPU
		{DA7C7D71-C465-4C4C-9182-00876ED220FD}.Debug|Any CPU.Build.0 = Debug|Any CPU
		{DA7C7D71-C465-4C4C-9182-00876ED220FD}.Release|Any CPU.ActiveCfg = Release|Any CPU
		{DA7C7D71-C465-4C4C-9182-00876ED220FD}.Release|Any CPU.Build.0 = Release|Any CPU
		{E926D757-432B-4A89-8356-95BEA9201A3F}.Debug|Any CPU.ActiveCfg = Debug|Any CPU
		{E926D757-432B-4A89-8356-95BEA9201A3F}.Debug|Any CPU.Build.0 = Debug|Any CPU
		{E926D757-432B-4A89-8356-95BEA9201A3F}.Release|Any CPU.ActiveCfg = Release|Any CPU
		{E926D757-432B-4A89-8356-95BEA9201A3F}.Release|Any CPU.Build.0 = Release|Any CPU
		{4F19EB61-1A96-4CCC-94E3-1CA9B60D85DA}.Debug|Any CPU.ActiveCfg = Debug|Any CPU
		{4F19EB61-1A96-4CCC-94E3-1CA9B60D85DA}.Debug|Any CPU.Build.0 = Debug|Any CPU
		{4F19EB61-1A96-4CCC-94E3-1CA9B60D85DA}.Release|Any CPU.ActiveCfg = Release|Any CPU
		{4F19EB61-1A96-4CCC-94E3-1CA9B60D85DA}.Release|Any CPU.Build.0 = Release|Any CPU
		{7931690D-A110-4F4D-8E65-CA98225DF4A9}.Debug|Any CPU.ActiveCfg = Debug|Any CPU
		{7931690D-A110-4F4D-8E65-CA98225DF4A9}.Debug|Any CPU.Build.0 = Debug|Any CPU
		{7931690D-A110-4F4D-8E65-CA98225DF4A9}.Release|Any CPU.ActiveCfg = Release|Any CPU
		{7931690D-A110-4F4D-8E65-CA98225DF4A9}.Release|Any CPU.Build.0 = Release|Any CPU
		{3538C82B-9CA5-4AB9-8042-508FB3FBCD29}.Debug|Any CPU.ActiveCfg = Debug|Any CPU
		{3538C82B-9CA5-4AB9-8042-508FB3FBCD29}.Debug|Any CPU.Build.0 = Debug|Any CPU
		{3538C82B-9CA5-4AB9-8042-508FB3FBCD29}.Release|Any CPU.ActiveCfg = Release|Any CPU
		{3538C82B-9CA5-4AB9-8042-508FB3FBCD29}.Release|Any CPU.Build.0 = Release|Any CPU
		{914D9CA0-E7ED-43EA-AA67-F8FFDC1626FD}.Debug|Any CPU.ActiveCfg = Debug|Any CPU
		{914D9CA0-E7ED-43EA-AA67-F8FFDC1626FD}.Debug|Any CPU.Build.0 = Debug|Any CPU
		{914D9CA0-E7ED-43EA-AA67-F8FFDC1626FD}.Release|Any CPU.ActiveCfg = Release|Any CPU
		{914D9CA0-E7ED-43EA-AA67-F8FFDC1626FD}.Release|Any CPU.Build.0 = Release|Any CPU
		{D23F136D-8B0F-464F-891C-D561DBC41DD4}.Debug|Any CPU.ActiveCfg = Debug|Any CPU
		{D23F136D-8B0F-464F-891C-D561DBC41DD4}.Debug|Any CPU.Build.0 = Debug|Any CPU
		{D23F136D-8B0F-464F-891C-D561DBC41DD4}.Release|Any CPU.ActiveCfg = Release|Any CPU
		{D23F136D-8B0F-464F-891C-D561DBC41DD4}.Release|Any CPU.Build.0 = Release|Any CPU
		{6A807D31-A32E-44FB-A789-6C3AABF5856E}.Debug|Any CPU.ActiveCfg = Debug|Any CPU
		{6A807D31-A32E-44FB-A789-6C3AABF5856E}.Debug|Any CPU.Build.0 = Debug|Any CPU
		{6A807D31-A32E-44FB-A789-6C3AABF5856E}.Release|Any CPU.ActiveCfg = Release|Any CPU
		{6A807D31-A32E-44FB-A789-6C3AABF5856E}.Release|Any CPU.Build.0 = Release|Any CPU
		{96B6DDC2-10B6-4518-9998-2058C2B2C0FC}.Debug|Any CPU.ActiveCfg = Debug|Any CPU
		{96B6DDC2-10B6-4518-9998-2058C2B2C0FC}.Debug|Any CPU.Build.0 = Debug|Any CPU
		{96B6DDC2-10B6-4518-9998-2058C2B2C0FC}.Release|Any CPU.ActiveCfg = Release|Any CPU
		{96B6DDC2-10B6-4518-9998-2058C2B2C0FC}.Release|Any CPU.Build.0 = Release|Any CPU
		{3464EA8B-BD19-42CC-8162-1DBA67DD0A24}.Debug|Any CPU.ActiveCfg = Debug|Any CPU
		{3464EA8B-BD19-42CC-8162-1DBA67DD0A24}.Debug|Any CPU.Build.0 = Debug|Any CPU
		{3464EA8B-BD19-42CC-8162-1DBA67DD0A24}.Release|Any CPU.ActiveCfg = Release|Any CPU
		{3464EA8B-BD19-42CC-8162-1DBA67DD0A24}.Release|Any CPU.Build.0 = Release|Any CPU
		{85F17EAD-5600-4908-9A87-335A9EBCA7B4}.Debug|Any CPU.ActiveCfg = Debug|Any CPU
		{85F17EAD-5600-4908-9A87-335A9EBCA7B4}.Debug|Any CPU.Build.0 = Debug|Any CPU
		{85F17EAD-5600-4908-9A87-335A9EBCA7B4}.Release|Any CPU.ActiveCfg = Release|Any CPU
		{85F17EAD-5600-4908-9A87-335A9EBCA7B4}.Release|Any CPU.Build.0 = Release|Any CPU
		{92BFC830-F2F7-447F-9EB5-6CAFD283AEE8}.Debug|Any CPU.ActiveCfg = Debug|Any CPU
		{92BFC830-F2F7-447F-9EB5-6CAFD283AEE8}.Debug|Any CPU.Build.0 = Debug|Any CPU
		{92BFC830-F2F7-447F-9EB5-6CAFD283AEE8}.Release|Any CPU.ActiveCfg = Release|Any CPU
		{92BFC830-F2F7-447F-9EB5-6CAFD283AEE8}.Release|Any CPU.Build.0 = Release|Any CPU
		{984A2E0B-C62E-45AB-9860-9C9D54D75375}.Debug|Any CPU.ActiveCfg = Debug|Any CPU
		{984A2E0B-C62E-45AB-9860-9C9D54D75375}.Debug|Any CPU.Build.0 = Debug|Any CPU
		{984A2E0B-C62E-45AB-9860-9C9D54D75375}.Release|Any CPU.ActiveCfg = Release|Any CPU
		{984A2E0B-C62E-45AB-9860-9C9D54D75375}.Release|Any CPU.Build.0 = Release|Any CPU
		{15328D08-EB9D-4126-9FFF-961C06FDF1D0}.Debug|Any CPU.ActiveCfg = Debug|Any CPU
		{15328D08-EB9D-4126-9FFF-961C06FDF1D0}.Debug|Any CPU.Build.0 = Debug|Any CPU
		{15328D08-EB9D-4126-9FFF-961C06FDF1D0}.Release|Any CPU.ActiveCfg = Release|Any CPU
		{15328D08-EB9D-4126-9FFF-961C06FDF1D0}.Release|Any CPU.Build.0 = Release|Any CPU
		{EF6F6E52-E18B-4FA6-BE9A-C6341BB92D9D}.Debug|Any CPU.ActiveCfg = Debug|Any CPU
		{EF6F6E52-E18B-4FA6-BE9A-C6341BB92D9D}.Debug|Any CPU.Build.0 = Debug|Any CPU
		{EF6F6E52-E18B-4FA6-BE9A-C6341BB92D9D}.Release|Any CPU.ActiveCfg = Release|Any CPU
		{EF6F6E52-E18B-4FA6-BE9A-C6341BB92D9D}.Release|Any CPU.Build.0 = Release|Any CPU
	EndGlobalSection
	GlobalSection(SolutionProperties) = preSolution
		HideSolutionNode = FALSE
	EndGlobalSection
	GlobalSection(NestedProjects) = preSolution
		{AD90DB9D-D38C-4A57-8EBB-7F512381F256} = {D468768C-DC54-450F-9F0A-E50CF69A71FD}
		{0AFD7CA3-3235-432B-BB26-6F1A15B70088} = {D468768C-DC54-450F-9F0A-E50CF69A71FD}
		{B298B333-D2A0-4B03-A132-707241DBEDA0} = {D468768C-DC54-450F-9F0A-E50CF69A71FD}
		{396274AD-FAF9-4E80-9F86-3DC271F13487} = {B44483AA-F5FD-4FA5-83B1-A72E20992AA7}
		{87479426-F319-4364-B677-AA230038351B} = {B44483AA-F5FD-4FA5-83B1-A72E20992AA7}
		{E0404B8D-4B96-4305-A486-8247080B79BC} = {B44483AA-F5FD-4FA5-83B1-A72E20992AA7}
		{DA7C7D71-C465-4C4C-9182-00876ED220FD} = {D3CED511-4FE0-4028-B6CF-94471EA660A4}
		{E926D757-432B-4A89-8356-95BEA9201A3F} = {D3CED511-4FE0-4028-B6CF-94471EA660A4}
		{4F19EB61-1A96-4CCC-94E3-1CA9B60D85DA} = {D3CED511-4FE0-4028-B6CF-94471EA660A4}
		{7931690D-A110-4F4D-8E65-CA98225DF4A9} = {9594B1F8-5960-4F06-99E5-B2E8C99CDE9F}
		{3538C82B-9CA5-4AB9-8042-508FB3FBCD29} = {9594B1F8-5960-4F06-99E5-B2E8C99CDE9F}
		{914D9CA0-E7ED-43EA-AA67-F8FFDC1626FD} = {9594B1F8-5960-4F06-99E5-B2E8C99CDE9F}
		{D23F136D-8B0F-464F-891C-D561DBC41DD4} = {C0E73342-B3E9-4682-80B9-A4927CE25D42}
		{6A807D31-A32E-44FB-A789-6C3AABF5856E} = {C0E73342-B3E9-4682-80B9-A4927CE25D42}
		{96B6DDC2-10B6-4518-9998-2058C2B2C0FC} = {C0E73342-B3E9-4682-80B9-A4927CE25D42}
		{3464EA8B-BD19-42CC-8162-1DBA67DD0A24} = {1251B2A1-997E-4435-843A-1C36A6D76BBA}
		{85F17EAD-5600-4908-9A87-335A9EBCA7B4} = {1251B2A1-997E-4435-843A-1C36A6D76BBA}
		{92BFC830-F2F7-447F-9EB5-6CAFD283AEE8} = {1251B2A1-997E-4435-843A-1C36A6D76BBA}
		{984A2E0B-C62E-45AB-9860-9C9D54D75375} = {D76CCEAC-7DD0-49DF-A1CF-0E41B3A8253C}
		{15328D08-EB9D-4126-9FFF-961C06FDF1D0} = {D76CCEAC-7DD0-49DF-A1CF-0E41B3A8253C}
		{EF6F6E52-E18B-4FA6-BE9A-C6341BB92D9D} = {D76CCEAC-7DD0-49DF-A1CF-0E41B3A8253C}
	EndGlobalSection
	GlobalSection(ExtensibilityGlobals) = postSolution
		SolutionGuid = {A0FD22FC-CEB1-4F01-AC3C-8D5BE9229A0D}
	EndGlobalSection
EndGlobal
