
Microsoft Visual Studio Solution File, Format Version 12.00
# Visual Studio Version 16
VisualStudioVersion = 16.0.33927.289
MinimumVisualStudioVersion = 10.0.40219.1
Project("{2150E333-8FDC-42A3-9474-1A3956D46DE8}") = "Task0", "Task0", "{D468768C-DC54-450F-9F0A-E50CF69A71FD}"
EndProject
Project("{FAE04EC0-301F-11D3-BF4B-00C04F79EFBC}") = "Tyuiu.KozhevnikovDG.Sprint2.Task0.V4", "Tyuiu.KozhevnikovDG.Sprint2.Task0.V4\Tyuiu.KozhevnikovDG.Sprint2.Task0.V4.csproj", "{AD90DB9D-D38C-4A57-8EBB-7F512381F256}"
EndProject
Project("{FAE04EC0-301F-11D3-BF4B-00C04F79EFBC}") = "Tyuiu.KozhevnikovDG.Sprint2.Task0.V4.Lib", "Tyuiu.KozhevnikovDG.Sprint2.Task0.V4.Lib\Tyuiu.KozhevnikovDG.Sprint2.Task0.V4.Lib.csproj", "{0AFD7CA3-3235-432B-BB26-6F1A15B70088}"
EndProject
Project("{FAE04EC0-301F-11D3-BF4B-00C04F79EFBC}") = "Tyuiu.KozhevnikovDG.Sprint2.Task0.V4.Test", "Tyuiu.KozhevnikovDG.Sprint2.Task0.V4.Test\Tyuiu.KozhevnikovDG.Sprint2.Task0.V4.Test.csproj", "{B298B333-D2A0-4B03-A132-707241DBEDA0}"
EndProject
Global
	GlobalSection(SolutionConfigurationPlatforms) = preSolution
		Debug|Any CPU = Debug|Any CPU
		Release|Any CPU = Release|Any CPU
	EndGlobalSection
	GlobalSection(ProjectConfigurationPlatforms) = postSolution
		{AD90DB9D-D38C-4A57-8EBB-7F512381F256}.Debug|Any CPU.ActiveCfg = Debug|Any CPU
		{AD90DB9D-D38C-4A57-8EBB-7F512381F256}.Debug|Any CPU.Build.0 = Debug|Any CPU
		{AD90DB9D-D38C-4A57-8EBB-7F512381F256}.Release|Any CPU.ActiveCfg = Release|Any CPU
		{AD90DB9D-D38C-4A57-8EBB-7F512381F256}.Release|Any CPU.Build.0 = Release|Any CPU
		{0AFD7CA3-3235-432B-BB26-6F1A15B70088}.Debug|Any CPU.ActiveCfg = Debug|Any CPU
		{0AFD7CA3-3235-432B-BB26-6F1A15B70088}.Debug|Any CPU.Build.0 = Debug|Any CPU
		{0AFD7CA3-3235-432B-BB26-6F1A15B70088}.Release|Any CPU.ActiveCfg = Release|Any CPU
		{0AFD7CA3-3235-432B-BB26-6F1A15B70088}.Release|Any CPU.Build.0 = Release|Any CPU
		{B298B333-D2A0-4B03-A132-707241DBEDA0}.Debug|Any CPU.ActiveCfg = Debug|Any CPU
		{B298B333-D2A0-4B03-A132-707241DBEDA0}.Debug|Any CPU.Build.0 = Debug|Any CPU
		{B298B333-D2A0-4B03-A132-707241DBEDA0}.Release|Any CPU.ActiveCfg = Release|Any CPU
		{B298B333-D2A0-4B03-A132-707241DBEDA0}.Release|Any CPU.Build.0 = Release|Any CPU
	EndGlobalSection
	GlobalSection(SolutionProperties) = preSolution
		HideSolutionNode = FALSE
	EndGlobalSection
	GlobalSection(NestedProjects) = preSolution
		{AD90DB9D-D38C-4A57-8EBB-7F512381F256} = {D468768C-DC54-450F-9F0A-E50CF69A71FD}
		{0AFD7CA3-3235-432B-BB26-6F1A15B70088} = {D468768C-DC54-450F-9F0A-E50CF69A71FD}
		{B298B333-D2A0-4B03-A132-707241DBEDA0} = {D468768C-DC54-450F-9F0A-E50CF69A71FD}
	EndGlobalSection
	GlobalSection(ExtensibilityGlobals) = postSolution
		SolutionGuid = {A0FD22FC-CEB1-4F01-AC3C-8D5BE9229A0D}
	EndGlobalSection
EndGlobal
